
Microsoft Visual Studio Solution File, Format Version 12.00
# Visual Studio Version 16
VisualStudioVersion = 16.6.30114.105
MinimumVisualStudioVersion = 10.0.40219.1
Project("{FAE04EC0-301F-11D3-BF4B-00C04F79EFBC}") = "API", "API\API.csproj", "{C7ED079C-42C9-4DE3-BC51-180614E995BC}"
EndProject
Global
	GlobalSection(SolutionConfigurationPlatforms) = preSolution
		Debug|Any CPU = Debug|Any CPU
		Debug|x64 = Debug|x64
		Debug|x86 = Debug|x86
		Release|Any CPU = Release|Any CPU
		Release|x64 = Release|x64
		Release|x86 = Release|x86
	EndGlobalSection
	GlobalSection(ProjectConfigurationPlatforms) = postSolution
		{C7ED079C-42C9-4DE3-BC51-180614E995BC}.Debug|Any CPU.ActiveCfg = Debug|Any CPU
		{C7ED079C-42C9-4DE3-BC51-180614E995BC}.Debug|Any CPU.Build.0 = Debug|Any CPU
		{C7ED079C-42C9-4DE3-BC51-180614E995BC}.Debug|x64.ActiveCfg = Debug|Any CPU
		{C7ED079C-42C9-4DE3-BC51-180614E995BC}.Debug|x64.Build.0 = Debug|Any CPU
		{C7ED079C-42C9-4DE3-BC51-180614E995BC}.Debug|x86.ActiveCfg = Debug|Any CPU
		{C7ED079C-42C9-4DE3-BC51-180614E995BC}.Debug|x86.Build.0 = Debug|Any CPU
		{C7ED079C-42C9-4DE3-BC51-180614E995BC}.Release|Any CPU.ActiveCfg = Release|Any CPU
		{C7ED079C-42C9-4DE3-BC51-180614E995BC}.Release|Any CPU.Build.0 = Release|Any CPU
		{C7ED079C-42C9-4DE3-BC51-180614E995BC}.Release|x64.ActiveCfg = Release|Any CPU
		{C7ED079C-42C9-4DE3-BC51-180614E995BC}.Release|x64.Build.0 = Release|Any CPU
		{C7ED079C-42C9-4DE3-BC51-180614E995BC}.Release|x86.ActiveCfg = Release|Any CPU
		{C7ED079C-42C9-4DE3-BC51-180614E995BC}.Release|x86.Build.0 = Release|Any CPU
	EndGlobalSection
	GlobalSection(SolutionProperties) = preSolution
		HideSolutionNode = FALSE
	EndGlobalSection
	GlobalSection(ExtensibilityGlobals) = postSolution
		SolutionGuid = {332A97F3-B8C5-4A6C-8E57-4003EEC02A22}
	EndGlobalSection
EndGlobal
